
Microsoft Visual Studio Solution File, Format Version 12.00
# Visual Studio Version 17
VisualStudioVersion = 17.9.34723.18
MinimumVisualStudioVersion = 10.0.40219.1
Project("{FAE04EC0-301F-11D3-BF4B-00C04F79EFBC}") = "StudentApi", "StudentApi\StudentApi.csproj", "{2F8106D1-8803-4133-A1FF-08E2A0E8C22D}"
EndProject
Global
	GlobalSection(SolutionConfigurationPlatforms) = preSolution
		Debug|Any CPU = Debug|Any CPU
		Release|Any CPU = Release|Any CPU
	EndGlobalSection
	GlobalSection(ProjectConfigurationPlatforms) = postSolution
		{2F8106D1-8803-4133-A1FF-08E2A0E8C22D}.Debug|Any CPU.ActiveCfg = Debug|Any CPU
		{2F8106D1-8803-4133-A1FF-08E2A0E8C22D}.Debug|Any CPU.Build.0 = Debug|Any CPU
		{2F8106D1-8803-4133-A1FF-08E2A0E8C22D}.Release|Any CPU.ActiveCfg = Release|Any CPU
		{2F8106D1-8803-4133-A1FF-08E2A0E8C22D}.Release|Any CPU.Build.0 = Release|Any CPU
	EndGlobalSection
	GlobalSection(SolutionProperties) = preSolution
		HideSolutionNode = FALSE
	EndGlobalSection
	GlobalSection(ExtensibilityGlobals) = postSolution
		SolutionGuid = {7CC99DC7-459F-468D-B207-78F241E53A68}
	EndGlobalSection
EndGlobal
